
Microsoft Visual Studio Solution File, Format Version 12.00
# Visual Studio Version 16
VisualStudioVersion = 16.0.30413.136
MinimumVisualStudioVersion = 10.0.40219.1
Project("{8BC9CEB8-8B4A-11D0-8D11-00A0C91BC942}") = "Lab1", "Labs\Lab1\Lab1.vcxproj", "{93AEE71A-85D1-49C5-8575-6B298B95489F}"
EndProject
Project("{8BC9CEB8-8B4A-11D0-8D11-00A0C91BC942}") = "HW0", "HW\HW0\HW0.vcxproj", "{E111EAE9-7947-4166-893A-2F161F2633A6}"
EndProject
Project("{8BC9CEB8-8B4A-11D0-8D11-00A0C91BC942}") = "Lab2", "Labs\Lab2\Lab2.vcxproj", "{6C60AD86-E9E9-4F09-BD31-0E027D1B15B9}"
EndProject
Project("{8BC9CEB8-8B4A-11D0-8D11-00A0C91BC942}") = "Lab3", "Labs\Lab3\Lab3.vcxproj", "{616A0212-CFFE-48D9-A840-A33895CA89B6}"
EndProject
Project("{8BC9CEB8-8B4A-11D0-8D11-00A0C91BC942}") = "HW1", "HW\HW1\HW1.vcxproj", "{59EF0432-C283-4E5F-BE4C-0EB61CAFB701}"
EndProject
Project("{8BC9CEB8-8B4A-11D0-8D11-00A0C91BC942}") = "Lab4", "Labs\Lab4\Lab4.vcxproj", "{BA5D55BF-9FB1-43BC-BF30-C95FA196BDDE}"
EndProject
Project("{8BC9CEB8-8B4A-11D0-8D11-00A0C91BC942}") = "Lab5", "Labs\Lab5\Lab5.vcxproj", "{E27BBC2D-78A7-45B0-898F-7084B8472AFA}"
EndProject
Project("{8BC9CEB8-8B4A-11D0-8D11-00A0C91BC942}") = "Lab6", "Labs\Lab6\Lab6.vcxproj", "{F61E893B-72A3-4ABC-A6BD-3081B68E3C17}"
EndProject
Project("{8BC9CEB8-8B4A-11D0-8D11-00A0C91BC942}") = "Lab7", "Labs\Lab7\Lab7.vcxproj", "{5A6921DA-54B8-498E-878F-49D773DF6E67}"
EndProject
Project("{8BC9CEB8-8B4A-11D0-8D11-00A0C91BC942}") = "Lab8", "Labs\Lab8\Lab8.vcxproj", "{1F5062B1-5553-49EE-ABC8-F4F0DE199013}"
EndProject
Project("{8BC9CEB8-8B4A-11D0-8D11-00A0C91BC942}") = "Lab9", "Labs\Lab9\Lab9.vcxproj", "{24E88183-5D2A-4180-B31E-3F6C16963341}"
EndProject
Global
	GlobalSection(SolutionConfigurationPlatforms) = preSolution
		Debug|x64 = Debug|x64
		Debug|x86 = Debug|x86
		Release|x64 = Release|x64
		Release|x86 = Release|x86
	EndGlobalSection
	GlobalSection(ProjectConfigurationPlatforms) = postSolution
		{93AEE71A-85D1-49C5-8575-6B298B95489F}.Debug|x64.ActiveCfg = Debug|x64
		{93AEE71A-85D1-49C5-8575-6B298B95489F}.Debug|x64.Build.0 = Debug|x64
		{93AEE71A-85D1-49C5-8575-6B298B95489F}.Debug|x86.ActiveCfg = Debug|Win32
		{93AEE71A-85D1-49C5-8575-6B298B95489F}.Debug|x86.Build.0 = Debug|Win32
		{93AEE71A-85D1-49C5-8575-6B298B95489F}.Release|x64.ActiveCfg = Release|x64
		{93AEE71A-85D1-49C5-8575-6B298B95489F}.Release|x64.Build.0 = Release|x64
		{93AEE71A-85D1-49C5-8575-6B298B95489F}.Release|x86.ActiveCfg = Release|Win32
		{93AEE71A-85D1-49C5-8575-6B298B95489F}.Release|x86.Build.0 = Release|Win32
		{E111EAE9-7947-4166-893A-2F161F2633A6}.Debug|x64.ActiveCfg = Debug|x64
		{E111EAE9-7947-4166-893A-2F161F2633A6}.Debug|x64.Build.0 = Debug|x64
		{E111EAE9-7947-4166-893A-2F161F2633A6}.Debug|x86.ActiveCfg = Debug|Win32
		{E111EAE9-7947-4166-893A-2F161F2633A6}.Debug|x86.Build.0 = Debug|Win32
		{E111EAE9-7947-4166-893A-2F161F2633A6}.Release|x64.ActiveCfg = Release|x64
		{E111EAE9-7947-4166-893A-2F161F2633A6}.Release|x64.Build.0 = Release|x64
		{E111EAE9-7947-4166-893A-2F161F2633A6}.Release|x86.ActiveCfg = Release|Win32
		{E111EAE9-7947-4166-893A-2F161F2633A6}.Release|x86.Build.0 = Release|Win32
		{6C60AD86-E9E9-4F09-BD31-0E027D1B15B9}.Debug|x64.ActiveCfg = Debug|x64
		{6C60AD86-E9E9-4F09-BD31-0E027D1B15B9}.Debug|x64.Build.0 = Debug|x64
		{6C60AD86-E9E9-4F09-BD31-0E027D1B15B9}.Debug|x86.ActiveCfg = Debug|Win32
		{6C60AD86-E9E9-4F09-BD31-0E027D1B15B9}.Debug|x86.Build.0 = Debug|Win32
		{6C60AD86-E9E9-4F09-BD31-0E027D1B15B9}.Release|x64.ActiveCfg = Release|x64
		{6C60AD86-E9E9-4F09-BD31-0E027D1B15B9}.Release|x64.Build.0 = Release|x64
		{6C60AD86-E9E9-4F09-BD31-0E027D1B15B9}.Release|x86.ActiveCfg = Release|Win32
		{6C60AD86-E9E9-4F09-BD31-0E027D1B15B9}.Release|x86.Build.0 = Release|Win32
		{616A0212-CFFE-48D9-A840-A33895CA89B6}.Debug|x64.ActiveCfg = Debug|x64
		{616A0212-CFFE-48D9-A840-A33895CA89B6}.Debug|x64.Build.0 = Debug|x64
		{616A0212-CFFE-48D9-A840-A33895CA89B6}.Debug|x86.ActiveCfg = Debug|Win32
		{616A0212-CFFE-48D9-A840-A33895CA89B6}.Debug|x86.Build.0 = Debug|Win32
		{616A0212-CFFE-48D9-A840-A33895CA89B6}.Release|x64.ActiveCfg = Release|x64
		{616A0212-CFFE-48D9-A840-A33895CA89B6}.Release|x64.Build.0 = Release|x64
		{616A0212-CFFE-48D9-A840-A33895CA89B6}.Release|x86.ActiveCfg = Release|Win32
		{616A0212-CFFE-48D9-A840-A33895CA89B6}.Release|x86.Build.0 = Release|Win32
		{59EF0432-C283-4E5F-BE4C-0EB61CAFB701}.Debug|x64.ActiveCfg = Debug|x64
		{59EF0432-C283-4E5F-BE4C-0EB61CAFB701}.Debug|x64.Build.0 = Debug|x64
		{59EF0432-C283-4E5F-BE4C-0EB61CAFB701}.Debug|x86.ActiveCfg = Debug|Win32
		{59EF0432-C283-4E5F-BE4C-0EB61CAFB701}.Debug|x86.Build.0 = Debug|Win32
		{59EF0432-C283-4E5F-BE4C-0EB61CAFB701}.Release|x64.ActiveCfg = Release|x64
		{59EF0432-C283-4E5F-BE4C-0EB61CAFB701}.Release|x64.Build.0 = Release|x64
		{59EF0432-C283-4E5F-BE4C-0EB61CAFB701}.Release|x86.ActiveCfg = Release|Win32
		{59EF0432-C283-4E5F-BE4C-0EB61CAFB701}.Release|x86.Build.0 = Release|Win32
		{BA5D55BF-9FB1-43BC-BF30-C95FA196BDDE}.Debug|x64.ActiveCfg = Debug|x64
		{BA5D55BF-9FB1-43BC-BF30-C95FA196BDDE}.Debug|x64.Build.0 = Debug|x64
		{BA5D55BF-9FB1-43BC-BF30-C95FA196BDDE}.Debug|x86.ActiveCfg = Debug|Win32
		{BA5D55BF-9FB1-43BC-BF30-C95FA196BDDE}.Debug|x86.Build.0 = Debug|Win32
		{BA5D55BF-9FB1-43BC-BF30-C95FA196BDDE}.Release|x64.ActiveCfg = Release|x64
		{BA5D55BF-9FB1-43BC-BF30-C95FA196BDDE}.Release|x64.Build.0 = Release|x64
		{BA5D55BF-9FB1-43BC-BF30-C95FA196BDDE}.Release|x86.ActiveCfg = Release|Win32
		{BA5D55BF-9FB1-43BC-BF30-C95FA196BDDE}.Release|x86.Build.0 = Release|Win32
		{E27BBC2D-78A7-45B0-898F-7084B8472AFA}.Debug|x64.ActiveCfg = Debug|x64
		{E27BBC2D-78A7-45B0-898F-7084B8472AFA}.Debug|x64.Build.0 = Debug|x64
		{E27BBC2D-78A7-45B0-898F-7084B8472AFA}.Debug|x86.ActiveCfg = Debug|Win32
		{E27BBC2D-78A7-45B0-898F-7084B8472AFA}.Debug|x86.Build.0 = Debug|Win32
		{E27BBC2D-78A7-45B0-898F-7084B8472AFA}.Release|x64.ActiveCfg = Release|x64
		{E27BBC2D-78A7-45B0-898F-7084B8472AFA}.Release|x64.Build.0 = Release|x64
		{E27BBC2D-78A7-45B0-898F-7084B8472AFA}.Release|x86.ActiveCfg = Release|Win32
		{E27BBC2D-78A7-45B0-898F-7084B8472AFA}.Release|x86.Build.0 = Release|Win32
		{F61E893B-72A3-4ABC-A6BD-3081B68E3C17}.Debug|x64.ActiveCfg = Debug|x64
		{F61E893B-72A3-4ABC-A6BD-3081B68E3C17}.Debug|x64.Build.0 = Debug|x64
		{F61E893B-72A3-4ABC-A6BD-3081B68E3C17}.Debug|x86.ActiveCfg = Debug|Win32
		{F61E893B-72A3-4ABC-A6BD-3081B68E3C17}.Debug|x86.Build.0 = Debug|Win32
		{F61E893B-72A3-4ABC-A6BD-3081B68E3C17}.Release|x64.ActiveCfg = Release|x64
		{F61E893B-72A3-4ABC-A6BD-3081B68E3C17}.Release|x64.Build.0 = Release|x64
		{F61E893B-72A3-4ABC-A6BD-3081B68E3C17}.Release|x86.ActiveCfg = Release|Win32
		{F61E893B-72A3-4ABC-A6BD-3081B68E3C17}.Release|x86.Build.0 = Release|Win32
		{5A6921DA-54B8-498E-878F-49D773DF6E67}.Debug|x64.ActiveCfg = Debug|x64
		{5A6921DA-54B8-498E-878F-49D773DF6E67}.Debug|x64.Build.0 = Debug|x64
		{5A6921DA-54B8-498E-878F-49D773DF6E67}.Debug|x86.ActiveCfg = Debug|Win32
		{5A6921DA-54B8-498E-878F-49D773DF6E67}.Debug|x86.Build.0 = Debug|Win32
		{5A6921DA-54B8-498E-878F-49D773DF6E67}.Release|x64.ActiveCfg = Release|x64
		{5A6921DA-54B8-498E-878F-49D773DF6E67}.Release|x64.Build.0 = Release|x64
		{5A6921DA-54B8-498E-878F-49D773DF6E67}.Release|x86.ActiveCfg = Release|Win32
		{5A6921DA-54B8-498E-878F-49D773DF6E67}.Release|x86.Build.0 = Release|Win32
		{1F5062B1-5553-49EE-ABC8-F4F0DE199013}.Debug|x64.ActiveCfg = Debug|x64
		{1F5062B1-5553-49EE-ABC8-F4F0DE199013}.Debug|x64.Build.0 = Debug|x64
		{1F5062B1-5553-49EE-ABC8-F4F0DE199013}.Debug|x86.ActiveCfg = Debug|Win32
		{1F5062B1-5553-49EE-ABC8-F4F0DE199013}.Debug|x86.Build.0 = Debug|Win32
		{1F5062B1-5553-49EE-ABC8-F4F0DE199013}.Release|x64.ActiveCfg = Release|x64
		{1F5062B1-5553-49EE-ABC8-F4F0DE199013}.Release|x64.Build.0 = Release|x64
		{1F5062B1-5553-49EE-ABC8-F4F0DE199013}.Release|x86.ActiveCfg = Release|Win32
		{1F5062B1-5553-49EE-ABC8-F4F0DE199013}.Release|x86.Build.0 = Release|Win32
		{24E88183-5D2A-4180-B31E-3F6C16963341}.Debug|x64.ActiveCfg = Debug|x64
		{24E88183-5D2A-4180-B31E-3F6C16963341}.Debug|x64.Build.0 = Debug|x64
		{24E88183-5D2A-4180-B31E-3F6C16963341}.Debug|x86.ActiveCfg = Debug|Win32
		{24E88183-5D2A-4180-B31E-3F6C16963341}.Debug|x86.Build.0 = Debug|Win32
		{24E88183-5D2A-4180-B31E-3F6C16963341}.Release|x64.ActiveCfg = Release|x64
		{24E88183-5D2A-4180-B31E-3F6C16963341}.Release|x64.Build.0 = Release|x64
		{24E88183-5D2A-4180-B31E-3F6C16963341}.Release|x86.ActiveCfg = Release|Win32
		{24E88183-5D2A-4180-B31E-3F6C16963341}.Release|x86.Build.0 = Release|Win32
	EndGlobalSection
	GlobalSection(SolutionProperties) = preSolution
		HideSolutionNode = FALSE
	EndGlobalSection
	GlobalSection(ExtensibilityGlobals) = postSolution
		SolutionGuid = {CF05702C-555F-44FB-92B7-5CC104ADC5E2}
	EndGlobalSection
EndGlobal
